
Microsoft Visual Studio Solution File, Format Version 12.00
# Visual Studio 15
VisualStudioVersion = 15.0.26730.16
MinimumVisualStudioVersion = 10.0.40219.1
Project("{FAE04EC0-301F-11D3-BF4B-00C04F79EFBC}") = "GalacticNeighborhood", "GalacticNeighborhood\GalacticNeighborhood.csproj", "{B3769F47-5A16-43C9-995F-1B3B15BE97CC}"
EndProject
Project("{FAE04EC0-301F-11D3-BF4B-00C04F79EFBC}") = "GNAutoInstaller", "GNAutoInstaller\GNAutoInstaller.csproj", "{85FBC6AB-64BB-4A8F-B6EE-213891099FD5}"
EndProject
Global
	GlobalSection(SolutionConfigurationPlatforms) = preSolution
		Debug|Any CPU = Debug|Any CPU
		Release|Any CPU = Release|Any CPU
	EndGlobalSection
	GlobalSection(ProjectConfigurationPlatforms) = postSolution
		{B3769F47-5A16-43C9-995F-1B3B15BE97CC}.Debug|Any CPU.ActiveCfg = Debug|Any CPU
		{B3769F47-5A16-43C9-995F-1B3B15BE97CC}.Debug|Any CPU.Build.0 = Debug|Any CPU
		{B3769F47-5A16-43C9-995F-1B3B15BE97CC}.Release|Any CPU.ActiveCfg = Release|Any CPU
		{B3769F47-5A16-43C9-995F-1B3B15BE97CC}.Release|Any CPU.Build.0 = Release|Any CPU
		{85FBC6AB-64BB-4A8F-B6EE-213891099FD5}.Debug|Any CPU.ActiveCfg = Debug|Any CPU
		{85FBC6AB-64BB-4A8F-B6EE-213891099FD5}.Debug|Any CPU.Build.0 = Debug|Any CPU
		{85FBC6AB-64BB-4A8F-B6EE-213891099FD5}.Release|Any CPU.ActiveCfg = Release|Any CPU
		{85FBC6AB-64BB-4A8F-B6EE-213891099FD5}.Release|Any CPU.Build.0 = Release|Any CPU
	EndGlobalSection
	GlobalSection(SolutionProperties) = preSolution
		HideSolutionNode = FALSE
	EndGlobalSection
	GlobalSection(ExtensibilityGlobals) = postSolution
		SolutionGuid = {BA44569C-A936-455C-8CDA-1D8914408032}
	EndGlobalSection
EndGlobal
